
Microsoft Visual Studio Solution File, Format Version 12.00
# Visual Studio Version 17
VisualStudioVersion = 17.9.34723.18
MinimumVisualStudioVersion = 10.0.40219.1
Project("{9A19103F-16F7-4668-BE54-9A1E7A4F7556}") = "GLFW_CS.API", "API\GLFW_CS.API.csproj", "{22842F67-18C9-4C8A-9713-4B227E143778}"
EndProject
Project("{9A19103F-16F7-4668-BE54-9A1E7A4F7556}") = "GLFW_CS.Enums", "Enums\GLFW_CS.Enums.csproj", "{ED824FC5-2D99-4A3D-B5BB-78977B3DB765}"
EndProject
Global
	GlobalSection(SolutionConfigurationPlatforms) = preSolution
		Debug|Any CPU = Debug|Any CPU
		Release|Any CPU = Release|Any CPU
	EndGlobalSection
	GlobalSection(ProjectConfigurationPlatforms) = postSolution
		{22842F67-18C9-4C8A-9713-4B227E143778}.Debug|Any CPU.ActiveCfg = Debug|Any CPU
		{22842F67-18C9-4C8A-9713-4B227E143778}.Debug|Any CPU.Build.0 = Debug|Any CPU
		{22842F67-18C9-4C8A-9713-4B227E143778}.Release|Any CPU.ActiveCfg = Release|Any CPU
		{22842F67-18C9-4C8A-9713-4B227E143778}.Release|Any CPU.Build.0 = Release|Any CPU
		{ED824FC5-2D99-4A3D-B5BB-78977B3DB765}.Debug|Any CPU.ActiveCfg = Debug|Any CPU
		{ED824FC5-2D99-4A3D-B5BB-78977B3DB765}.Debug|Any CPU.Build.0 = Debug|Any CPU
		{ED824FC5-2D99-4A3D-B5BB-78977B3DB765}.Release|Any CPU.ActiveCfg = Release|Any CPU
		{ED824FC5-2D99-4A3D-B5BB-78977B3DB765}.Release|Any CPU.Build.0 = Release|Any CPU
	EndGlobalSection
	GlobalSection(SolutionProperties) = preSolution
		HideSolutionNode = FALSE
	EndGlobalSection
	GlobalSection(ExtensibilityGlobals) = postSolution
		SolutionGuid = {F17CBF66-74B1-48C9-A22E-7B5F3E808267}
	EndGlobalSection
EndGlobal
